
Microsoft Visual Studio Solution File, Format Version 12.00
Project("{FAE04EC0-301F-11D3-BF4B-00C04F79EFBC}") = "Dka.DotNet.SleepingTime", "Dka.DotNet.SleepingTime\Dka.DotNet.SleepingTime.csproj", "{BE5001E5-E597-423D-B347-EFEC6A58C387}"
EndProject
Global
	GlobalSection(SolutionConfigurationPlatforms) = preSolution
		Debug|Any CPU = Debug|Any CPU
		Release|Any CPU = Release|Any CPU
	EndGlobalSection
	GlobalSection(ProjectConfigurationPlatforms) = postSolution
		{BE5001E5-E597-423D-B347-EFEC6A58C387}.Debug|Any CPU.ActiveCfg = Debug|Any CPU
		{BE5001E5-E597-423D-B347-EFEC6A58C387}.Debug|Any CPU.Build.0 = Debug|Any CPU
		{BE5001E5-E597-423D-B347-EFEC6A58C387}.Release|Any CPU.ActiveCfg = Release|Any CPU
		{BE5001E5-E597-423D-B347-EFEC6A58C387}.Release|Any CPU.Build.0 = Release|Any CPU
	EndGlobalSection
EndGlobal
